// !$*UTF8*$!
{
	archiveVersion = 1;
	classes = {
	};
	objectVersion = 50;
	objects = {

/* Begin PBXBuildFile section */
		17C151B323A3CD9900565576 /* LocationTableViewController.swift in Sources */ = {isa = PBXBuildFile; fileRef = 17C151B223A3CD9900565576 /* LocationTableViewController.swift */; };
		17D2E3B9239BA4CF007A1BE3 /* AppDelegate.swift in Sources */ = {isa = PBXBuildFile; fileRef = 17D2E3B8239BA4CF007A1BE3 /* AppDelegate.swift */; };
		17D2E3BB239BA4CF007A1BE3 /* SceneDelegate.swift in Sources */ = {isa = PBXBuildFile; fileRef = 17D2E3BA239BA4CF007A1BE3 /* SceneDelegate.swift */; };
		17D2E3BD239BA4CF007A1BE3 /* MapViewController.swift in Sources */ = {isa = PBXBuildFile; fileRef = 17D2E3BC239BA4CF007A1BE3 /* MapViewController.swift */; };
		17D2E3C0239BA4CF007A1BE3 /* Main.storyboard in Resources */ = {isa = PBXBuildFile; fileRef = 17D2E3BE239BA4CF007A1BE3 /* Main.storyboard */; };
		17D2E3C2239BA4D2007A1BE3 /* Assets.xcassets in Resources */ = {isa = PBXBuildFile; fileRef = 17D2E3C1239BA4D2007A1BE3 /* Assets.xcassets */; };
		17D2E3C5239BA4D2007A1BE3 /* LaunchScreen.storyboard in Resources */ = {isa = PBXBuildFile; fileRef = 17D2E3C3239BA4D2007A1BE3 /* LaunchScreen.storyboard */; };
/* End PBXBuildFile section */

/* Begin PBXFileReference section */
		17C151B223A3CD9900565576 /* LocationTableViewController.swift */ = {isa = PBXFileReference; lastKnownFileType = sourcecode.swift; path = LocationTableViewController.swift; sourceTree = "<group>"; };
		17D2E3B5239BA4CF007A1BE3 /* SimpleMaps.app */ = {isa = PBXFileReference; explicitFileType = wrapper.application; includeInIndex = 0; path = SimpleMaps.app; sourceTree = BUILT_PRODUCTS_DIR; };
		17D2E3B8239BA4CF007A1BE3 /* AppDelegate.swift */ = {isa = PBXFileReference; lastKnownFileType = sourcecode.swift; path = AppDelegate.swift; sourceTree = "<group>"; };
		17D2E3BA239BA4CF007A1BE3 /* SceneDelegate.swift */ = {isa = PBXFileReference; lastKnownFileType = sourcecode.swift; path = SceneDelegate.swift; sourceTree = "<group>"; };
		17D2E3BC239BA4CF007A1BE3 /* MapViewController.swift */ = {isa = PBXFileReference; lastKnownFileType = sourcecode.swift; path = MapViewController.swift; sourceTree = "<group>"; };
		17D2E3BF239BA4CF007A1BE3 /* Base */ = {isa = PBXFileReference; lastKnownFileType = file.storyboard; name = Base; path = Base.lproj/Main.storyboard; sourceTree = "<group>"; };
		17D2E3C1239BA4D2007A1BE3 /* Assets.xcassets */ = {isa = PBXFileReference; lastKnownFileType = folder.assetcatalog; path = Assets.xcassets; sourceTree = "<group>"; };
		17D2E3C4239BA4D2007A1BE3 /* Base */ = {isa = PBXFileReference; lastKnownFileType = file.storyboard; name = Base; path = Base.lproj/LaunchScreen.storyboard; sourceTree = "<group>"; };
		17D2E3C6239BA4D2007A1BE3 /* Info.plist */ = {isa = PBXFileReference; lastKnownFileType = text.plist.xml; path = Info.plist; sourceTree = "<group>"; };
/* End PBXFileReference section */

/* Begin PBXFrameworksBuildPhase section */
		17D2E3B2239BA4CF007A1BE3 /* Frameworks */ = {
			isa = PBXFrameworksBuildPhase;
			buildActionMask = 2147483647;
			files = (
			);
			runOnlyForDeploymentPostprocessing = 0;
		};
/* End PBXFrameworksBuildPhase section */

/* Begin PBXGroup section */
		17D2E3AC239BA4CF007A1BE3 = {
			isa = PBXGroup;
			children = (
				17D2E3B7239BA4CF007A1BE3 /* SimpleMaps */,
				17D2E3B6239BA4CF007A1BE3 /* Products */,
			);
			sourceTree = "<group>";
		};
		17D2E3B6239BA4CF007A1BE3 /* Products */ = {
			isa = PBXGroup;
			children = (
				17D2E3B5239BA4CF007A1BE3 /* SimpleMaps.app */,
			);
			name = Products;
			sourceTree = "<group>";
		};
		17D2E3B7239BA4CF007A1BE3 /* SimpleMaps */ = {
			isa = PBXGroup;
			children = (
				17D2E3B8239BA4CF007A1BE3 /* AppDelegate.swift */,
				17D2E3BA239BA4CF007A1BE3 /* SceneDelegate.swift */,
				17D2E3BE239BA4CF007A1BE3 /* Main.storyboard */,
				17D2E3C3239BA4D2007A1BE3 /* LaunchScreen.storyboard */,
				17D2E3C1239BA4D2007A1BE3 /* Assets.xcassets */,
				17D2E3BC239BA4CF007A1BE3 /* MapViewController.swift */,
				17C151B223A3CD9900565576 /* LocationTableViewController.swift */,
				17D2E3C6239BA4D2007A1BE3 /* Info.plist */,
			);
			path = SimpleMaps;
			sourceTree = "<group>";
		};
/* End PBXGroup section */

/* Begin PBXNativeTarget section */
		17D2E3B4239BA4CF007A1BE3 /* SimpleMaps */ = {
			isa = PBXNativeTarget;
			buildConfigurationList = 17D2E3C9239BA4D2007A1BE3 /* Build configuration list for PBXNativeTarget "SimpleMaps" */;
			buildPhases = (
				17D2E3B1239BA4CF007A1BE3 /* Sources */,
				17D2E3B2239BA4CF007A1BE3 /* Frameworks */,
				17D2E3B3239BA4CF007A1BE3 /* Resources */,
			);
			buildRules = (
			);
			dependencies = (
			);
			name = SimpleMaps;
			productName = SimpleMaps;
			productReference = 17D2E3B5239BA4CF007A1BE3 /* SimpleMaps.app */;
			productType = "com.apple.product-type.application";
		};
/* End PBXNativeTarget section */

/* Begin PBXProject section */
		17D2E3AD239BA4CF007A1BE3 /* Project object */ = {
			isa = PBXProject;
			attributes = {
				LastSwiftUpdateCheck = 1120;
				LastUpgradeCheck = 1120;
				ORGANIZATIONNAME = "Vũ Hoàng Trịnh";
				TargetAttributes = {
					17D2E3B4239BA4CF007A1BE3 = {
						CreatedOnToolsVersion = 11.2.1;
					};
				};
			};
			buildConfigurationList = 17D2E3B0239BA4CF007A1BE3 /* Build configuration list for PBXProject "SimpleMaps" */;
			compatibilityVersion = "Xcode 9.3";
			developmentRegion = en;
			hasScannedForEncodings = 0;
			knownRegions = (
				en,
				Base,
			);
			mainGroup = 17D2E3AC239BA4CF007A1BE3;
			productRefGroup = 17D2E3B6239BA4CF007A1BE3 /* Products */;
			projectDirPath = "";
			projectRoot = "";
			targets = (
				17D2E3B4239BA4CF007A1BE3 /* SimpleMaps */,
			);
		};
/* End PBXProject section */

/* Begin PBXResourcesBuildPhase section */
		17D2E3B3239BA4CF007A1BE3 /* Resources */ = {
			isa = PBXResourcesBuildPhase;
			buildActionMask = 2147483647;
			files = (
				17D2E3C5239BA4D2007A1BE3 /* LaunchScreen.storyboard in Resources */,
				17D2E3C2239BA4D2007A1BE3 /* Assets.xcassets in Resources */,
				17D2E3C0239BA4CF007A1BE3 /* Main.storyboard in Resources */,
			);
			runOnlyForDeploymentPostprocessing = 0;
		};
/* End PBXResourcesBuildPhase section */

/* Begin PBXSourcesBuildPhase section */
		17D2E3B1239BA4CF007A1BE3 /* Sources */ = {
			isa = PBXSourcesBuildPhase;
			buildActionMask = 2147483647;
			files = (
				17C151B323A3CD9900565576 /* LocationTableViewController.swift in Sources */,
				17D2E3BD239BA4CF007A1BE3 /* MapViewController.swift in Sources */,
				17D2E3B9239BA4CF007A1BE3 /* AppDelegate.swift in Sources */,
				17D2E3BB239BA4CF007A1BE3 /* SceneDelegate.swift in Sources */,
			);
			runOnlyForDeploymentPostprocessing = 0;
		};
/* End PBXSourcesBuildPhase section */

/* Begin PBXVariantGroup section */
		17D2E3BE239BA4CF007A1BE3 /* Main.storyboard */ = {
			isa = PBXVariantGroup;
			children = (
				17D2E3BF239BA4CF007A1BE3 /* Base */,
			);
			name = Main.storyboard;
			sourceTree = "<group>";
		};
		17D2E3C3239BA4D2007A1BE3 /* LaunchScreen.storyboard */ = {
			isa = PBXVariantGroup;
			children = (
				17D2E3C4239BA4D2007A1BE3 /* Base */,
			);
			name = LaunchScreen.storyboard;
			sourceTree = "<group>";
		};
/* End PBXVariantGroup section */

/* Begin XCBuildConfiguration section */
		17D2E3C7239BA4D2007A1BE3 /* Debug */ = {
			isa = XCBuildConfiguration;
			buildSettings = {
				ALWAYS_SEARCH_USER_PATHS = NO;
				CLANG_ANALYZER_NONNULL = YES;
				CLANG_ANALYZER_NUMBER_OBJECT_CONVERSION = YES_AGGRESSIVE;
				CLANG_CXX_LANGUAGE_STANDARD = "gnu++14";
				CLANG_CXX_LIBRARY = "libc++";
				CLANG_ENABLE_MODULES = YES;
				CLANG_ENABLE_OBJC_ARC = YES;
				CLANG_ENABLE_OBJC_WEAK = YES;
				CLANG_WARN_BLOCK_CAPTURE_AUTORELEASING = YES;
				CLANG_WARN_BOOL_CONVERSION = YES;
				CLANG_WARN_COMMA = YES;
				CLANG_WARN_CONSTANT_CONVERSION = YES;
				CLANG_WARN_DEPRECATED_OBJC_IMPLEMENTATIONS = YES;
				CLANG_WARN_DIRECT_OBJC_ISA_USAGE = YES_ERROR;
				CLANG_WARN_DOCUMENTATION_COMMENTS = YES;
				CLANG_WARN_EMPTY_BODY = YES;
				CLANG_WARN_ENUM_CONVERSION = YES;
				CLANG_WARN_INFINITE_RECURSION = YES;
				CLANG_WARN_INT_CONVERSION = YES;
				CLANG_WARN_NON_LITERAL_NULL_CONVERSION = YES;
				CLANG_WARN_OBJC_IMPLICIT_RETAIN_SELF = YES;
				CLANG_WARN_OBJC_LITERAL_CONVERSION = YES;
				CLANG_WARN_OBJC_ROOT_CLASS = YES_ERROR;
				CLANG_WARN_RANGE_LOOP_ANALYSIS = YES;
				CLANG_WARN_STRICT_PROTOTYPES = YES;
				CLANG_WARN_SUSPICIOUS_MOVE = YES;
				CLANG_WARN_UNGUARDED_AVAILABILITY = YES_AGGRESSIVE;
				CLANG_WARN_UNREACHABLE_CODE = YES;
				CLANG_WARN__DUPLICATE_METHOD_MATCH = YES;
				COPY_PHASE_STRIP = NO;
				DEBUG_INFORMATION_FORMAT = dwarf;
				ENABLE_STRICT_OBJC_MSGSEND = YES;
				ENABLE_TESTABILITY = YES;
				GCC_C_LANGUAGE_STANDARD = gnu11;
				GCC_DYNAMIC_NO_PIC = NO;
				GCC_NO_COMMON_BLOCKS = YES;
				GCC_OPTIMIZATION_LEVEL = 0;
				GCC_PREPROCESSOR_DEFINITIONS = (
					"DEBUG=1",
					"$(inherited)",
				);
				GCC_WARN_64_TO_32_BIT_CONVERSION = YES;
				GCC_WARN_ABOUT_RETURN_TYPE = YES_ERROR;
				GCC_WARN_UNDECLARED_SELECTOR = YES;
				GCC_WARN_UNINITIALIZED_AUTOS = YES_AGGRESSIVE;
				GCC_WARN_UNUSED_FUNCTION = YES;
				GCC_WARN_UNUSED_VARIABLE = YES;
				IPHONEOS_DEPLOYMENT_TARGET = 13.2;
				MTL_ENABLE_DEBUG_INFO = INCLUDE_SOURCE;
				MTL_FAST_MATH = YES;
				ONLY_ACTIVE_ARCH = YES;
				SDKROOT = iphoneos;
				SWIFT_ACTIVE_COMPILATION_CONDITIONS = DEBUG;
				SWIFT_OPTIMIZATION_LEVEL = "-Onone";
			};
			name = Debug;
		};
		17D2E3C8239BA4D2007A1BE3 /* Release */ = {
			isa = XCBuildConfiguration;
			buildSettings = {
				ALWAYS_SEARCH_USER_PATHS = NO;
				CLANG_ANALYZER_NONNULL = YES;
				CLANG_ANALYZER_NUMBER_OBJECT_CONVERSION = YES_AGGRESSIVE;
				CLANG_CXX_LANGUAGE_STANDARD = "gnu++14";
				CLANG_CXX_LIBRARY = "libc++";
				CLANG_ENABLE_MODULES = YES;
				CLANG_ENABLE_OBJC_ARC = YES;
				CLANG_ENABLE_OBJC_WEAK = YES;
				CLANG_WARN_BLOCK_CAPTURE_AUTORELEASING = YES;
				CLANG_WARN_BOOL_CONVERSION = YES;
				CLANG_WARN_COMMA = YES;
				CLANG_WARN_CONSTANT_CONVERSION = YES;
				CLANG_WARN_DEPRECATED_OBJC_IMPLEMENTATIONS = YES;
				CLANG_WARN_DIRECT_OBJC_ISA_USAGE = YES_ERROR;
				CLANG_WARN_DOCUMENTATION_COMMENTS = YES;
				CLANG_WARN_EMPTY_BODY = YES;
				CLANG_WARN_ENUM_CONVERSION = YES;
				CLANG_WARN_INFINITE_RECURSION = YES;
				CLANG_WARN_INT_CONVERSION = YES;
				CLANG_WARN_NON_LITERAL_NULL_CONVERSION = YES;
				CLANG_WARN_OBJC_IMPLICIT_RETAIN_SELF = YES;
				CLANG_WARN_OBJC_LITERAL_CONVERSION = YES;
				CLANG_WARN_OBJC_ROOT_CLASS = YES_ERROR;
				CLANG_WARN_RANGE_LOOP_ANALYSIS = YES;
				CLANG_WARN_STRICT_PROTOTYPES = YES;
				CLANG_WARN_SUSPICIOUS_MOVE = YES;
				CLANG_WARN_UNGUARDED_AVAILABILITY = YES_AGGRESSIVE;
				CLANG_WARN_UNREACHABLE_CODE = YES;
				CLANG_WARN__DUPLICATE_METHOD_MATCH = YES;
				COPY_PHASE_STRIP = NO;
				DEBUG_INFORMATION_FORMAT = "dwarf-with-dsym";
				ENABLE_NS_ASSERTIONS = NO;
				ENABLE_STRICT_OBJC_MSGSEND = YES;
				GCC_C_LANGUAGE_STANDARD = gnu11;
				GCC_NO_COMMON_BLOCKS = YES;
				GCC_WARN_64_TO_32_BIT_CONVERSION = YES;
				GCC_WARN_ABOUT_RETURN_TYPE = YES_ERROR;
				GCC_WARN_UNDECLARED_SELECTOR = YES;
				GCC_WARN_UNINITIALIZED_AUTOS = YES_AGGRESSIVE;
				GCC_WARN_UNUSED_FUNCTION = YES;
				GCC_WARN_UNUSED_VARIABLE = YES;
				IPHONEOS_DEPLOYMENT_TARGET = 13.2;
				MTL_ENABLE_DEBUG_INFO = NO;
				MTL_FAST_MATH = YES;
				SDKROOT = iphoneos;
				SWIFT_COMPILATION_MODE = wholemodule;
				SWIFT_OPTIMIZATION_LEVEL = "-O";
				VALIDATE_PRODUCT = YES;
			};
			name = Release;
		};
		17D2E3CA239BA4D2007A1BE3 /* Debug */ = {
			isa = XCBuildConfiguration;
			buildSettings = {
				ASSETCATALOG_COMPILER_APPICON_NAME = AppIcon;
				CODE_SIGN_STYLE = Automatic;
				DEVELOPMENT_TEAM = 523SRU7Q76;
				INFOPLIST_FILE = SimpleMaps/Info.plist;
				LD_RUNPATH_SEARCH_PATHS = (
					"$(inherited)",
					"@executable_path/Frameworks",
				);
				PRODUCT_BUNDLE_IDENTIFIER = tvhoang.SimpleMaps;
				PRODUCT_NAME = "$(TARGET_NAME)";
				SWIFT_VERSION = 5.0;
				TARGETED_DEVICE_FAMILY = "1,2";
			};
			name = Debug;
		};
		17D2E3CB239BA4D2007A1BE3 /* Release */ = {
			isa = XCBuildConfiguration;
			buildSettings = {
				ASSETCATALOG_COMPILER_APPICON_NAME = AppIcon;
				CODE_SIGN_STYLE = Automatic;
				DEVELOPMENT_TEAM = 523SRU7Q76;
				INFOPLIST_FILE = SimpleMaps/Info.plist;
				LD_RUNPATH_SEARCH_PATHS = (
					"$(inherited)",
					"@executable_path/Frameworks",
				);
				PRODUCT_BUNDLE_IDENTIFIER = tvhoang.SimpleMaps;
				PRODUCT_NAME = "$(TARGET_NAME)";
				SWIFT_VERSION = 5.0;
				TARGETED_DEVICE_FAMILY = "1,2";
			};
			name = Release;
		};
/* End XCBuildConfiguration section */

/* Begin XCConfigurationList section */
		17D2E3B0239BA4CF007A1BE3 /* Build configuration list for PBXProject "SimpleMaps" */ = {
			isa = XCConfigurationList;
			buildConfigurations = (
				17D2E3C7239BA4D2007A1BE3 /* Debug */,
				17D2E3C8239BA4D2007A1BE3 /* Release */,
			);
			defaultConfigurationIsVisible = 0;
			defaultConfigurationName = Release;
		};
		17D2E3C9239BA4D2007A1BE3 /* Build configuration list for PBXNativeTarget "SimpleMaps" */ = {
			isa = XCConfigurationList;
			buildConfigurations = (
				17D2E3CA239BA4D2007A1BE3 /* Debug */,
				17D2E3CB239BA4D2007A1BE3 /* Release */,
			);
			defaultConfigurationIsVisible = 0;
			defaultConfigurationName = Release;
		};
/* End XCConfigurationList section */
	};
	rootObject = 17D2E3AD239BA4CF007A1BE3 /* Project object */;
}
